
Microsoft Visual Studio Solution File, Format Version 12.00
# Visual Studio Version 17
VisualStudioVersion = 17.4.33122.133
MinimumVisualStudioVersion = 10.0.40219.1
Project("{FAE04EC0-301F-11D3-BF4B-00C04F79EFBC}") = "TangyWeb_Server", "TangyWeb_Server\TangyWeb_Server.csproj", "{D81E6588-39AB-4BF4-98BA-E58EFEE6972D}"
EndProject
Global
	GlobalSection(SolutionConfigurationPlatforms) = preSolution
		Debug|Any CPU = Debug|Any CPU
		Release|Any CPU = Release|Any CPU
	EndGlobalSection
	GlobalSection(ProjectConfigurationPlatforms) = postSolution
		{D81E6588-39AB-4BF4-98BA-E58EFEE6972D}.Debug|Any CPU.ActiveCfg = Debug|Any CPU
		{D81E6588-39AB-4BF4-98BA-E58EFEE6972D}.Debug|Any CPU.Build.0 = Debug|Any CPU
		{D81E6588-39AB-4BF4-98BA-E58EFEE6972D}.Release|Any CPU.ActiveCfg = Release|Any CPU
		{D81E6588-39AB-4BF4-98BA-E58EFEE6972D}.Release|Any CPU.Build.0 = Release|Any CPU
	EndGlobalSection
	GlobalSection(SolutionProperties) = preSolution
		HideSolutionNode = FALSE
	EndGlobalSection
	GlobalSection(ExtensibilityGlobals) = postSolution
		SolutionGuid = {89E9E28B-DE83-4B33-BF80-C4B170230E0E}
	EndGlobalSection
EndGlobal
